
Microsoft Visual Studio Solution File, Format Version 12.00
# Visual Studio Version 17
VisualStudioVersion = 17.8.0
MinimumVisualStudioVersion = 10.0.40219.1

Project("{2150E333-8FDC-42A3-9474-1A3956D46DE8}") = "shared", "shared", "{A1B2C3D4-0001-0000-0000-000000000000}"
EndProject
Project("{2150E333-8FDC-42A3-9474-1A3956D46DE8}") = "services", "services", "{A1B2C3D4-0002-0000-0000-000000000000}"
EndProject
Project("{2150E333-8FDC-42A3-9474-1A3956D46DE8}") = "clients", "clients", "{A1B2C3D4-0003-0000-0000-000000000000}"
EndProject
Project("{2150E333-8FDC-42A3-9474-1A3956D46DE8}") = "tests", "tests", "{A1B2C3D4-0004-0000-0000-000000000000}"
EndProject

Project("{FAE04EC0-301F-11D3-BF4B-00C04F79EFBC}") = "BasicCommerce.Domain", "src\shared\BasicCommerce.Domain\BasicCommerce.Domain.csproj", "{B1000001-0000-0000-0000-000000000001}"
EndProject
Project("{FAE04EC0-301F-11D3-BF4B-00C04F79EFBC}") = "BasicCommerce.Application", "src\shared\BasicCommerce.Application\BasicCommerce.Application.csproj", "{B1000002-0000-0000-0000-000000000001}"
EndProject
Project("{FAE04EC0-301F-11D3-BF4B-00C04F79EFBC}") = "BasicCommerce.Infrastructure", "src\shared\BasicCommerce.Infrastructure\BasicCommerce.Infrastructure.csproj", "{B1000003-0000-0000-0000-000000000001}"
EndProject
Project("{FAE04EC0-301F-11D3-BF4B-00C04F79EFBC}") = "BasicCommerce.Contracts", "src\shared\BasicCommerce.Contracts\BasicCommerce.Contracts.csproj", "{B1000004-0000-0000-0000-000000000001}"
EndProject

Project("{FAE04EC0-301F-11D3-BF4B-00C04F79EFBC}") = "BasicCommerce.Pos.Api", "src\services\BasicCommerce.Pos.Api\BasicCommerce.Pos.Api.csproj", "{C1000002-0000-0000-0000-000000000001}"
EndProject
Project("{FAE04EC0-301F-11D3-BF4B-00C04F79EFBC}") = "BasicCommerce.Ecommerce.Api", "src\services\BasicCommerce.Ecommerce.Api\BasicCommerce.Ecommerce.Api.csproj", "{C1000003-0000-0000-0000-000000000001}"
EndProject
Project("{FAE04EC0-301F-11D3-BF4B-00C04F79EFBC}") = "BasicCommerce.Backoffice.Api", "src\services\BasicCommerce.Backoffice.Api\BasicCommerce.Backoffice.Api.csproj", "{C1000004-0000-0000-0000-000000000001}"
EndProject

Project("{FAE04EC0-301F-11D3-BF4B-00C04F79EFBC}") = "BasicCommerce.Desktop", "src\clients\BasicCommerce.Desktop\BasicCommerce.Desktop.csproj", "{D1000001-0000-0000-0000-000000000001}"
EndProject

Project("{FAE04EC0-301F-11D3-BF4B-00C04F79EFBC}") = "BasicCommerce.Domain.Tests", "tests\BasicCommerce.Domain.Tests\BasicCommerce.Domain.Tests.csproj", "{E1000001-0000-0000-0000-000000000001}"
EndProject
Project("{FAE04EC0-301F-11D3-BF4B-00C04F79EFBC}") = "BasicCommerce.Application.Tests", "tests\BasicCommerce.Application.Tests\BasicCommerce.Application.Tests.csproj", "{E1000002-0000-0000-0000-000000000001}"
EndProject
Project("{FAE04EC0-301F-11D3-BF4B-00C04F79EFBC}") = "BasicCommerce.Integration.Tests", "tests\BasicCommerce.Integration.Tests\BasicCommerce.Integration.Tests.csproj", "{E1000003-0000-0000-0000-000000000001}"
EndProject

Global
  GlobalSection(SolutionConfigurationPlatforms) = preSolution
    Debug|Any CPU = Debug|Any CPU
    Release|Any CPU = Release|Any CPU
  EndGlobalSection
  GlobalSection(ProjectConfigurationPlatforms) = postSolution
    {B1000001-0000-0000-0000-000000000001}.Debug|Any CPU.ActiveCfg = Debug|Any CPU
    {B1000001-0000-0000-0000-000000000001}.Debug|Any CPU.Build.0 = Debug|Any CPU
    {B1000001-0000-0000-0000-000000000001}.Release|Any CPU.ActiveCfg = Release|Any CPU
    {B1000001-0000-0000-0000-000000000001}.Release|Any CPU.Build.0 = Release|Any CPU
    {B1000002-0000-0000-0000-000000000001}.Debug|Any CPU.ActiveCfg = Debug|Any CPU
    {B1000002-0000-0000-0000-000000000001}.Debug|Any CPU.Build.0 = Debug|Any CPU
    {B1000002-0000-0000-0000-000000000001}.Release|Any CPU.ActiveCfg = Release|Any CPU
    {B1000002-0000-0000-0000-000000000001}.Release|Any CPU.Build.0 = Release|Any CPU
    {B1000003-0000-0000-0000-000000000001}.Debug|Any CPU.ActiveCfg = Debug|Any CPU
    {B1000003-0000-0000-0000-000000000001}.Debug|Any CPU.Build.0 = Debug|Any CPU
    {B1000003-0000-0000-0000-000000000001}.Release|Any CPU.ActiveCfg = Release|Any CPU
    {B1000003-0000-0000-0000-000000000001}.Release|Any CPU.Build.0 = Release|Any CPU
    {B1000004-0000-0000-0000-000000000001}.Debug|Any CPU.ActiveCfg = Debug|Any CPU
    {B1000004-0000-0000-0000-000000000001}.Debug|Any CPU.Build.0 = Debug|Any CPU
    {B1000004-0000-0000-0000-000000000001}.Release|Any CPU.ActiveCfg = Release|Any CPU
    {B1000004-0000-0000-0000-000000000001}.Release|Any CPU.Build.0 = Release|Any CPU
    {C1000002-0000-0000-0000-000000000001}.Debug|Any CPU.ActiveCfg = Debug|Any CPU
    {C1000002-0000-0000-0000-000000000001}.Debug|Any CPU.Build.0 = Debug|Any CPU
    {C1000002-0000-0000-0000-000000000001}.Release|Any CPU.ActiveCfg = Release|Any CPU
    {C1000002-0000-0000-0000-000000000001}.Release|Any CPU.Build.0 = Release|Any CPU
    {C1000003-0000-0000-0000-000000000001}.Debug|Any CPU.ActiveCfg = Debug|Any CPU
    {C1000003-0000-0000-0000-000000000001}.Debug|Any CPU.Build.0 = Debug|Any CPU
    {C1000003-0000-0000-0000-000000000001}.Release|Any CPU.ActiveCfg = Release|Any CPU
    {C1000003-0000-0000-0000-000000000001}.Release|Any CPU.Build.0 = Release|Any CPU
    {C1000004-0000-0000-0000-000000000001}.Debug|Any CPU.ActiveCfg = Debug|Any CPU
    {C1000004-0000-0000-0000-000000000001}.Debug|Any CPU.Build.0 = Debug|Any CPU
    {C1000004-0000-0000-0000-000000000001}.Release|Any CPU.ActiveCfg = Release|Any CPU
    {C1000004-0000-0000-0000-000000000001}.Release|Any CPU.Build.0 = Release|Any CPU
    {D1000001-0000-0000-0000-000000000001}.Debug|Any CPU.ActiveCfg = Debug|Any CPU
    {D1000001-0000-0000-0000-000000000001}.Debug|Any CPU.Build.0 = Debug|Any CPU
    {D1000001-0000-0000-0000-000000000001}.Release|Any CPU.ActiveCfg = Release|Any CPU
    {D1000001-0000-0000-0000-000000000001}.Release|Any CPU.Build.0 = Release|Any CPU
    {E1000001-0000-0000-0000-000000000001}.Debug|Any CPU.ActiveCfg = Debug|Any CPU
    {E1000001-0000-0000-0000-000000000001}.Debug|Any CPU.Build.0 = Debug|Any CPU
    {E1000001-0000-0000-0000-000000000001}.Release|Any CPU.ActiveCfg = Release|Any CPU
    {E1000001-0000-0000-0000-000000000001}.Release|Any CPU.Build.0 = Release|Any CPU
    {E1000002-0000-0000-0000-000000000001}.Debug|Any CPU.ActiveCfg = Debug|Any CPU
    {E1000002-0000-0000-0000-000000000001}.Debug|Any CPU.Build.0 = Debug|Any CPU
    {E1000002-0000-0000-0000-000000000001}.Release|Any CPU.ActiveCfg = Release|Any CPU
    {E1000002-0000-0000-0000-000000000001}.Release|Any CPU.Build.0 = Release|Any CPU
    {E1000003-0000-0000-0000-000000000001}.Debug|Any CPU.ActiveCfg = Debug|Any CPU
    {E1000003-0000-0000-0000-000000000001}.Debug|Any CPU.Build.0 = Debug|Any CPU
    {E1000003-0000-0000-0000-000000000001}.Release|Any CPU.ActiveCfg = Release|Any CPU
    {E1000003-0000-0000-0000-000000000001}.Release|Any CPU.Build.0 = Release|Any CPU
  EndGlobalSection
  GlobalSection(NestedProjects) = preSolution
    {B1000001-0000-0000-0000-000000000001} = {A1B2C3D4-0001-0000-0000-000000000000}
    {B1000002-0000-0000-0000-000000000001} = {A1B2C3D4-0001-0000-0000-000000000000}
    {B1000003-0000-0000-0000-000000000001} = {A1B2C3D4-0001-0000-0000-000000000000}
    {B1000004-0000-0000-0000-000000000001} = {A1B2C3D4-0001-0000-0000-000000000000}
    {C1000002-0000-0000-0000-000000000001} = {A1B2C3D4-0002-0000-0000-000000000000}
    {C1000003-0000-0000-0000-000000000001} = {A1B2C3D4-0002-0000-0000-000000000000}
    {C1000004-0000-0000-0000-000000000001} = {A1B2C3D4-0002-0000-0000-000000000000}
    {D1000001-0000-0000-0000-000000000001} = {A1B2C3D4-0003-0000-0000-000000000000}
    {E1000001-0000-0000-0000-000000000001} = {A1B2C3D4-0004-0000-0000-000000000000}
    {E1000002-0000-0000-0000-000000000001} = {A1B2C3D4-0004-0000-0000-000000000000}
    {E1000003-0000-0000-0000-000000000001} = {A1B2C3D4-0004-0000-0000-000000000000}
  EndGlobalSection
EndGlobal
